PODS:
  - Alamofire (4.2.0)
  - SwiftyJSON (3.1.4)
  - WKBaseServicesSwift (3.0.2)

DEPENDENCIES:
  - Alamofire (~> 4.2.0)
  - SwiftyJSON (~> 3.1.3)
  - WKBaseServicesSwift (~> 3.0.0)

SPEC CHECKSUMS:
  Alamofire: aa2e09d871c9160ac53c90e83c68064a94e3dfbe
  SwiftyJSON: c2842d878f95482ffceec5709abc3d05680c0220
  WKBaseServicesSwift: a2aa5ea9458615b9341c7728ac112876ed4bef34

PODFILE CHECKSUM: 47804214659324b5724f587704d59ae32a75eb8a

COCOAPODS: 1.2.0
