// !$*UTF8*$!
{
	archiveVersion = 1;
	classes = {
	};
	objectVersion = 47;
	objects = {

/* Begin PBXBuildFile section */
		B8EDDD882E1E2AF9CE116A15 /* Pods_FTFoundationKit.framework in Frameworks */ = {isa = PBXBuildFile; fileRef = 7CE96426519BED661F7477A0 /* Pods_FTFoundationKit.framework */; };
		C81556DA1DAE0C9000C272DB /* AppDelegate.swift in Sources */ = {isa = PBXBuildFile; fileRef = C81556D91DAE0C9000C272DB /* AppDelegate.swift */; };
		C81556DC1DAE0C9000C272DB /* ViewController.swift in Sources */ = {isa = PBXBuildFile; fileRef = C81556DB1DAE0C9000C272DB /* ViewController.swift */; };
		C81556DF1DAE0C9000C272DB /* Main.storyboard in Resources */ = {isa = PBXBuildFile; fileRef = C81556DD1DAE0C9000C272DB /* Main.storyboard */; };
		C81556E11DAE0C9000C272DB /* Assets.xcassets in Resources */ = {isa = PBXBuildFile; fileRef = C81556E01DAE0C9000C272DB /* Assets.xcassets */; };
		C81556E41DAE0C9000C272DB /* LaunchScreen.storyboard in Resources */ = {isa = PBXBuildFile; fileRef = C81556E21DAE0C9000C272DB /* LaunchScreen.storyboard */; };
		C81556EE1DAE146200C272DB /* FTHttpManager.swift in Sources */ = {isa = PBXBuildFile; fileRef = C81556ED1DAE146200C272DB /* FTHttpManager.swift */; };
		C81556F01DAF2AC000C272DB /* FTAlamofireExtension.swift in Sources */ = {isa = PBXBuildFile; fileRef = C81556EF1DAF2AC000C272DB /* FTAlamofireExtension.swift */; };
		C81556F21DAF2EF300C272DB /* FTBasicApi.swift in Sources */ = {isa = PBXBuildFile; fileRef = C81556F11DAF2EF300C272DB /* FTBasicApi.swift */; };
/* End PBXBuildFile section */

/* Begin PBXFileReference section */
		7CE96426519BED661F7477A0 /* Pods_FTFoundationKit.framework */ = {isa = PBXFileReference; explicitFileType = wrapper.framework; includeInIndex = 0; path = Pods_FTFoundationKit.framework; sourceTree = BUILT_PRODUCTS_DIR; };
		9FFF3ACFB252BEB8A17FFA3C /* Pods-FTFoundationKit.debug.xcconfig */ = {isa = PBXFileReference; includeInIndex = 1; lastKnownFileType = text.xcconfig; name = "Pods-FTFoundationKit.debug.xcconfig"; path = "Pods/Target Support Files/Pods-FTFoundationKit/Pods-FTFoundationKit.debug.xcconfig"; sourceTree = "<group>"; };
		C81556D61DAE0C9000C272DB /* FTFoundationKit.app */ = {isa = PBXFileReference; explicitFileType = wrapper.application; includeInIndex = 0; path = FTFoundationKit.app; sourceTree = BUILT_PRODUCTS_DIR; };
		C81556D91DAE0C9000C272DB /* AppDelegate.swift */ = {isa = PBXFileReference; lastKnownFileType = sourcecode.swift; path = AppDelegate.swift; sourceTree = "<group>"; };
		C81556DB1DAE0C9000C272DB /* ViewController.swift */ = {isa = PBXFileReference; lastKnownFileType = sourcecode.swift; path = ViewController.swift; sourceTree = "<group>"; };
		C81556DE1DAE0C9000C272DB /* Base */ = {isa = PBXFileReference; lastKnownFileType = file.storyboard; name = Base; path = Base.lproj/Main.storyboard; sourceTree = "<group>"; };
		C81556E01DAE0C9000C272DB /* Assets.xcassets */ = {isa = PBXFileReference; lastKnownFileType = folder.assetcatalog; path = Assets.xcassets; sourceTree = "<group>"; };
		C81556E31DAE0C9000C272DB /* Base */ = {isa = PBXFileReference; lastKnownFileType = file.storyboard; name = Base; path = Base.lproj/LaunchScreen.storyboard; sourceTree = "<group>"; };
		C81556E51DAE0C9000C272DB /* Info.plist */ = {isa = PBXFileReference; lastKnownFileType = text.plist.xml; path = Info.plist; sourceTree = "<group>"; };
		C81556ED1DAE146200C272DB /* FTHttpManager.swift */ = {isa = PBXFileReference; fileEncoding = 4; lastKnownFileType = sourcecode.swift; path = FTHttpManager.swift; sourceTree = "<group>"; };
		C81556EF1DAF2AC000C272DB /* FTAlamofireExtension.swift */ = {isa = PBXFileReference; fileEncoding = 4; lastKnownFileType = sourcecode.swift; path = FTAlamofireExtension.swift; sourceTree = "<group>"; };
		C81556F11DAF2EF300C272DB /* FTBasicApi.swift */ = {isa = PBXFileReference; fileEncoding = 4; lastKnownFileType = sourcecode.swift; path = FTBasicApi.swift; sourceTree = "<group>"; };
		DCBA2059EB58C338AE877693 /* Pods-FTFoundationKit.release.xcconfig */ = {isa = PBXFileReference; includeInIndex = 1; lastKnownFileType = text.xcconfig; name = "Pods-FTFoundationKit.release.xcconfig"; path = "Pods/Target Support Files/Pods-FTFoundationKit/Pods-FTFoundationKit.release.xcconfig"; sourceTree = "<group>"; };
/* End PBXFileReference section */

/* Begin PBXFrameworksBuildPhase section */
		C81556D31DAE0C9000C272DB /* Frameworks */ = {
			isa = PBXFrameworksBuildPhase;
			buildActionMask = 2147483647;
			files = (
				B8EDDD882E1E2AF9CE116A15 /* Pods_FTFoundationKit.framework in Frameworks */,
			);
			runOnlyForDeploymentPostprocessing = 0;
		};
/* End PBXFrameworksBuildPhase section */

/* Begin PBXGroup section */
		8C36E2148C23FE9E0533F61A /* Pods */ = {
			isa = PBXGroup;
			children = (
				9FFF3ACFB252BEB8A17FFA3C /* Pods-FTFoundationKit.debug.xcconfig */,
				DCBA2059EB58C338AE877693 /* Pods-FTFoundationKit.release.xcconfig */,
			);
			name = Pods;
			sourceTree = "<group>";
		};
		C81556CD1DAE0C9000C272DB = {
			isa = PBXGroup;
			children = (
				C81556EB1DAE0CE700C272DB /* Sources */,
				C81556D81DAE0C9000C272DB /* FTFoundationKit */,
				C81556D71DAE0C9000C272DB /* Products */,
				8C36E2148C23FE9E0533F61A /* Pods */,
				F02BB78AF7939B8D36D4E0A3 /* Frameworks */,
			);
			sourceTree = "<group>";
		};
		C81556D71DAE0C9000C272DB /* Products */ = {
			isa = PBXGroup;
			children = (
				C81556D61DAE0C9000C272DB /* FTFoundationKit.app */,
			);
			name = Products;
			sourceTree = "<group>";
		};
		C81556D81DAE0C9000C272DB /* FTFoundationKit */ = {
			isa = PBXGroup;
			children = (
				C81556D91DAE0C9000C272DB /* AppDelegate.swift */,
				C81556DB1DAE0C9000C272DB /* ViewController.swift */,
				C81556DD1DAE0C9000C272DB /* Main.storyboard */,
				C81556E01DAE0C9000C272DB /* Assets.xcassets */,
				C81556E21DAE0C9000C272DB /* LaunchScreen.storyboard */,
				C81556E51DAE0C9000C272DB /* Info.plist */,
			);
			path = FTFoundationKit;
			sourceTree = "<group>";
		};
		C81556EB1DAE0CE700C272DB /* Sources */ = {
			isa = PBXGroup;
			children = (
				C81556EC1DAE0DB100C272DB /* NetworkServer */,
			);
			path = Sources;
			sourceTree = "<group>";
		};
		C81556EC1DAE0DB100C272DB /* NetworkServer */ = {
			isa = PBXGroup;
			children = (
				C81556ED1DAE146200C272DB /* FTHttpManager.swift */,
				C81556EF1DAF2AC000C272DB /* FTAlamofireExtension.swift */,
				C81556F11DAF2EF300C272DB /* FTBasicApi.swift */,
			);
			path = NetworkServer;
			sourceTree = "<group>";
		};
		F02BB78AF7939B8D36D4E0A3 /* Frameworks */ = {
			isa = PBXGroup;
			children = (
				7CE96426519BED661F7477A0 /* Pods_FTFoundationKit.framework */,
			);
			name = Frameworks;
			sourceTree = "<group>";
		};
/* End PBXGroup section */

/* Begin PBXNativeTarget section */
		C81556D51DAE0C9000C272DB /* FTFoundationKit */ = {
			isa = PBXNativeTarget;
			buildConfigurationList = C81556E81DAE0C9000C272DB /* Build configuration list for PBXNativeTarget "FTFoundationKit" */;
			buildPhases = (
				874F54D6AF8A6134634C5478 /* [CP] Check Pods Manifest.lock */,
				C81556D21DAE0C9000C272DB /* Sources */,
				C81556D31DAE0C9000C272DB /* Frameworks */,
				C81556D41DAE0C9000C272DB /* Resources */,
				23FC057FE37384B00C93B426 /* [CP] Embed Pods Frameworks */,
				3B7B350C5896AA289A37ABE9 /* [CP] Copy Pods Resources */,
			);
			buildRules = (
			);
			dependencies = (
			);
			name = FTFoundationKit;
			productName = FTFoundationKit;
			productReference = C81556D61DAE0C9000C272DB /* FTFoundationKit.app */;
			productType = "com.apple.product-type.application";
		};
/* End PBXNativeTarget section */

/* Begin PBXProject section */
		C81556CE1DAE0C9000C272DB /* Project object */ = {
			isa = PBXProject;
			attributes = {
				CLASSPREFIX = FT;
				LastSwiftUpdateCheck = 0800;
				LastUpgradeCheck = 0800;
				ORGANIZATIONNAME = "郭伟坤";
				TargetAttributes = {
					C81556D51DAE0C9000C272DB = {
						CreatedOnToolsVersion = 8.0;
						ProvisioningStyle = Automatic;
					};
				};
			};
			buildConfigurationList = C81556D11DAE0C9000C272DB /* Build configuration list for PBXProject "FTFoundationKit" */;
			compatibilityVersion = "Xcode 6.3";
			developmentRegion = English;
			hasScannedForEncodings = 0;
			knownRegions = (
				en,
				Base,
			);
			mainGroup = C81556CD1DAE0C9000C272DB;
			productRefGroup = C81556D71DAE0C9000C272DB /* Products */;
			projectDirPath = "";
			projectRoot = "";
			targets = (
				C81556D51DAE0C9000C272DB /* FTFoundationKit */,
			);
		};
/* End PBXProject section */

/* Begin PBXResourcesBuildPhase section */
		C81556D41DAE0C9000C272DB /* Resources */ = {
			isa = PBXResourcesBuildPhase;
			buildActionMask = 2147483647;
			files = (
				C81556E41DAE0C9000C272DB /* LaunchScreen.storyboard in Resources */,
				C81556E11DAE0C9000C272DB /* Assets.xcassets in Resources */,
				C81556DF1DAE0C9000C272DB /* Main.storyboard in Resources */,
			);
			runOnlyForDeploymentPostprocessing = 0;
		};
/* End PBXResourcesBuildPhase section */

/* Begin PBXShellScriptBuildPhase section */
		23FC057FE37384B00C93B426 /* [CP] Embed Pods Frameworks */ = {
			isa = PBXShellScriptBuildPhase;
			buildActionMask = 2147483647;
			files = (
			);
			inputPaths = (
			);
			name = "[CP] Embed Pods Frameworks";
			outputPaths = (
			);
			runOnlyForDeploymentPostprocessing = 0;
			shellPath = /bin/sh;
			shellScript = "\"${SRCROOT}/Pods/Target Support Files/Pods-FTFoundationKit/Pods-FTFoundationKit-frameworks.sh\"\n";
			showEnvVarsInLog = 0;
		};
		3B7B350C5896AA289A37ABE9 /* [CP] Copy Pods Resources */ = {
			isa = PBXShellScriptBuildPhase;
			buildActionMask = 2147483647;
			files = (
			);
			inputPaths = (
			);
			name = "[CP] Copy Pods Resources";
			outputPaths = (
			);
			runOnlyForDeploymentPostprocessing = 0;
			shellPath = /bin/sh;
			shellScript = "\"${SRCROOT}/Pods/Target Support Files/Pods-FTFoundationKit/Pods-FTFoundationKit-resources.sh\"\n";
			showEnvVarsInLog = 0;
		};
		874F54D6AF8A6134634C5478 /* [CP] Check Pods Manifest.lock */ = {
			isa = PBXShellScriptBuildPhase;
			buildActionMask = 2147483647;
			files = (
			);
			inputPaths = (
			);
			name = "[CP] Check Pods Manifest.lock";
			outputPaths = (
			);
			runOnlyForDeploymentPostprocessing = 0;
			shellPath = /bin/sh;
			shellScript = "diff \"${PODS_ROOT}/../Podfile.lock\" \"${PODS_ROOT}/Manifest.lock\" > /dev/null\nif [ $? != 0 ] ; then\n    # print error to STDERR\n    echo \"error: The sandbox is not in sync with the Podfile.lock. Run 'pod install' or update your CocoaPods installation.\" >&2\n    exit 1\nfi\n";
			showEnvVarsInLog = 0;
		};
/* End PBXShellScriptBuildPhase section */

/* Begin PBXSourcesBuildPhase section */
		C81556D21DAE0C9000C272DB /* Sources */ = {
			isa = PBXSourcesBuildPhase;
			buildActionMask = 2147483647;
			files = (
				C81556F01DAF2AC000C272DB /* FTAlamofireExtension.swift in Sources */,
				C81556EE1DAE146200C272DB /* FTHttpManager.swift in Sources */,
				C81556DC1DAE0C9000C272DB /* ViewController.swift in Sources */,
				C81556DA1DAE0C9000C272DB /* AppDelegate.swift in Sources */,
				C81556F21DAF2EF300C272DB /* FTBasicApi.swift in Sources */,
			);
			runOnlyForDeploymentPostprocessing = 0;
		};
/* End PBXSourcesBuildPhase section */

/* Begin PBXVariantGroup section */
		C81556DD1DAE0C9000C272DB /* Main.storyboard */ = {
			isa = PBXVariantGroup;
			children = (
				C81556DE1DAE0C9000C272DB /* Base */,
			);
			name = Main.storyboard;
			sourceTree = "<group>";
		};
		C81556E21DAE0C9000C272DB /* LaunchScreen.storyboard */ = {
			isa = PBXVariantGroup;
			children = (
				C81556E31DAE0C9000C272DB /* Base */,
			);
			name = LaunchScreen.storyboard;
			sourceTree = "<group>";
		};
/* End PBXVariantGroup section */

/* Begin XCBuildConfiguration section */
		C81556E61DAE0C9000C272DB /* Debug */ = {
			isa = XCBuildConfiguration;
			buildSettings = {
				ALWAYS_SEARCH_USER_PATHS = NO;
				CLANG_ANALYZER_NONNULL = YES;
				CLANG_CXX_LANGUAGE_STANDARD = "gnu++0x";
				CLANG_CXX_LIBRARY = "libc++";
				CLANG_ENABLE_MODULES = YES;
				CLANG_ENABLE_OBJC_ARC = YES;
				CLANG_WARN_BOOL_CONVERSION = YES;
				CLANG_WARN_CONSTANT_CONVERSION = YES;
				CLANG_WARN_DIRECT_OBJC_ISA_USAGE = YES_ERROR;
				CLANG_WARN_DOCUMENTATION_COMMENTS = YES;
				CLANG_WARN_EMPTY_BODY = YES;
				CLANG_WARN_ENUM_CONVERSION = YES;
				CLANG_WARN_INFINITE_RECURSION = YES;
				CLANG_WARN_INT_CONVERSION = YES;
				CLANG_WARN_OBJC_ROOT_CLASS = YES_ERROR;
				CLANG_WARN_SUSPICIOUS_MOVES = YES;
				CLANG_WARN_UNREACHABLE_CODE = YES;
				CLANG_WARN__DUPLICATE_METHOD_MATCH = YES;
				"CODE_SIGN_IDENTITY[sdk=iphoneos*]" = "iPhone Developer";
				COPY_PHASE_STRIP = NO;
				DEBUG_INFORMATION_FORMAT = dwarf;
				ENABLE_STRICT_OBJC_MSGSEND = YES;
				ENABLE_TESTABILITY = YES;
				GCC_C_LANGUAGE_STANDARD = gnu99;
				GCC_DYNAMIC_NO_PIC = NO;
				GCC_NO_COMMON_BLOCKS = YES;
				GCC_OPTIMIZATION_LEVEL = 0;
				GCC_PREPROCESSOR_DEFINITIONS = (
					"DEBUG=1",
					"$(inherited)",
				);
				GCC_WARN_64_TO_32_BIT_CONVERSION = YES;
				GCC_WARN_ABOUT_RETURN_TYPE = YES_ERROR;
				GCC_WARN_UNDECLARED_SELECTOR = YES;
				GCC_WARN_UNINITIALIZED_AUTOS = YES_AGGRESSIVE;
				GCC_WARN_UNUSED_FUNCTION = YES;
				GCC_WARN_UNUSED_VARIABLE = YES;
				IPHONEOS_DEPLOYMENT_TARGET = 8.0;
				MTL_ENABLE_DEBUG_INFO = YES;
				ONLY_ACTIVE_ARCH = YES;
				SDKROOT = iphoneos;
				SWIFT_ACTIVE_COMPILATION_CONDITIONS = DEBUG;
				SWIFT_OPTIMIZATION_LEVEL = "-Onone";
				SWIFT_VERSION = 2.3;
				TARGETED_DEVICE_FAMILY = "1,2";
			};
			name = Debug;
		};
		C81556E71DAE0C9000C272DB /* Release */ = {
			isa = XCBuildConfiguration;
			buildSettings = {
				ALWAYS_SEARCH_USER_PATHS = NO;
				CLANG_ANALYZER_NONNULL = YES;
				CLANG_CXX_LANGUAGE_STANDARD = "gnu++0x";
				CLANG_CXX_LIBRARY = "libc++";
				CLANG_ENABLE_MODULES = YES;
				CLANG_ENABLE_OBJC_ARC = YES;
				CLANG_WARN_BOOL_CONVERSION = YES;
				CLANG_WARN_CONSTANT_CONVERSION = YES;
				CLANG_WARN_DIRECT_OBJC_ISA_USAGE = YES_ERROR;
				CLANG_WARN_DOCUMENTATION_COMMENTS = YES;
				CLANG_WARN_EMPTY_BODY = YES;
				CLANG_WARN_ENUM_CONVERSION = YES;
				CLANG_WARN_INFINITE_RECURSION = YES;
				CLANG_WARN_INT_CONVERSION = YES;
				CLANG_WARN_OBJC_ROOT_CLASS = YES_ERROR;
				CLANG_WARN_SUSPICIOUS_MOVES = YES;
				CLANG_WARN_UNREACHABLE_CODE = YES;
				CLANG_WARN__DUPLICATE_METHOD_MATCH = YES;
				"CODE_SIGN_IDENTITY[sdk=iphoneos*]" = "iPhone Developer";
				COPY_PHASE_STRIP = NO;
				DEBUG_INFORMATION_FORMAT = "dwarf-with-dsym";
				ENABLE_NS_ASSERTIONS = NO;
				ENABLE_STRICT_OBJC_MSGSEND = YES;
				GCC_C_LANGUAGE_STANDARD = gnu99;
				GCC_NO_COMMON_BLOCKS = YES;
				GCC_WARN_64_TO_32_BIT_CONVERSION = YES;
				GCC_WARN_ABOUT_RETURN_TYPE = YES_ERROR;
				GCC_WARN_UNDECLARED_SELECTOR = YES;
				GCC_WARN_UNINITIALIZED_AUTOS = YES_AGGRESSIVE;
				GCC_WARN_UNUSED_FUNCTION = YES;
				GCC_WARN_UNUSED_VARIABLE = YES;
				IPHONEOS_DEPLOYMENT_TARGET = 8.0;
				MTL_ENABLE_DEBUG_INFO = NO;
				SDKROOT = iphoneos;
				SWIFT_OPTIMIZATION_LEVEL = "-Owholemodule";
				SWIFT_VERSION = 2.3;
				TARGETED_DEVICE_FAMILY = "1,2";
				VALIDATE_PRODUCT = YES;
			};
			name = Release;
		};
		C81556E91DAE0C9000C272DB /* Debug */ = {
			isa = XCBuildConfiguration;
			baseConfigurationReference = 9FFF3ACFB252BEB8A17FFA3C /* Pods-FTFoundationKit.debug.xcconfig */;
			buildSettings = {
				ASSETCATALOG_COMPILER_APPICON_NAME = AppIcon;
				INFOPLIST_FILE = FTFoundationKit/Info.plist;
				LD_RUNPATH_SEARCH_PATHS = "$(inherited) @executable_path/Frameworks";
				PRODUCT_BUNDLE_IDENTIFIER = com.forte.FTFoundationKit;
				PRODUCT_NAME = "$(TARGET_NAME)";
				SWIFT_VERSION = 2.3;
			};
			name = Debug;
		};
		C81556EA1DAE0C9000C272DB /* Release */ = {
			isa = XCBuildConfiguration;
			baseConfigurationReference = DCBA2059EB58C338AE877693 /* Pods-FTFoundationKit.release.xcconfig */;
			buildSettings = {
				ASSETCATALOG_COMPILER_APPICON_NAME = AppIcon;
				INFOPLIST_FILE = FTFoundationKit/Info.plist;
				LD_RUNPATH_SEARCH_PATHS = "$(inherited) @executable_path/Frameworks";
				PRODUCT_BUNDLE_IDENTIFIER = com.forte.FTFoundationKit;
				PRODUCT_NAME = "$(TARGET_NAME)";
				SWIFT_VERSION = 2.3;
			};
			name = Release;
		};
/* End XCBuildConfiguration section */

/* Begin XCConfigurationList section */
		C81556D11DAE0C9000C272DB /* Build configuration list for PBXProject "FTFoundationKit" */ = {
			isa = XCConfigurationList;
			buildConfigurations = (
				C81556E61DAE0C9000C272DB /* Debug */,
				C81556E71DAE0C9000C272DB /* Release */,
			);
			defaultConfigurationIsVisible = 0;
			defaultConfigurationName = Release;
		};
		C81556E81DAE0C9000C272DB /* Build configuration list for PBXNativeTarget "FTFoundationKit" */ = {
			isa = XCConfigurationList;
			buildConfigurations = (
				C81556E91DAE0C9000C272DB /* Debug */,
				C81556EA1DAE0C9000C272DB /* Release */,
			);
			defaultConfigurationIsVisible = 0;
			defaultConfigurationName = Release;
		};
/* End XCConfigurationList section */
	};
	rootObject = C81556CE1DAE0C9000C272DB /* Project object */;
}
